
Microsoft Visual Studio Solution File, Format Version 12.00
# Visual Studio Version 17
VisualStudioVersion = 17.9.34616.47
MinimumVisualStudioVersion = 10.0.40219.1
Project("{FAE04EC0-301F-11D3-BF4B-00C04F79EFBC}") = "Ex04.Menus.Interfaces", "Ex04.Menus.Interfaces\Ex04.Menus.Interfaces.csproj", "{D318FD8E-0984-472A-996A-AC5FDBFEC0C3}"
EndProject
Project("{FAE04EC0-301F-11D3-BF4B-00C04F79EFBC}") = "Ex04.Menus.Delegates", "Ex04.Menus.Delegates\Ex04.Menus.Delegates.csproj", "{B99CCC2E-E759-41A0-A1CA-C0E0F73A5130}"
EndProject
Project("{FAE04EC0-301F-11D3-BF4B-00C04F79EFBC}") = "Ex04.Menus.Test", "Ex04.Menus.Test\Ex04.Menus.Test.csproj", "{03DFD1E6-0F9E-45AC-9FFD-9A8569FC90B8}"
EndProject
Global
	GlobalSection(SolutionConfigurationPlatforms) = preSolution
		Debug|Any CPU = Debug|Any CPU
		Release|Any CPU = Release|Any CPU
	EndGlobalSection
	GlobalSection(ProjectConfigurationPlatforms) = postSolution
		{D318FD8E-0984-472A-996A-AC5FDBFEC0C3}.Debug|Any CPU.ActiveCfg = Debug|Any CPU
		{D318FD8E-0984-472A-996A-AC5FDBFEC0C3}.Debug|Any CPU.Build.0 = Debug|Any CPU
		{D318FD8E-0984-472A-996A-AC5FDBFEC0C3}.Release|Any CPU.ActiveCfg = Release|Any CPU
		{D318FD8E-0984-472A-996A-AC5FDBFEC0C3}.Release|Any CPU.Build.0 = Release|Any CPU
		{B99CCC2E-E759-41A0-A1CA-C0E0F73A5130}.Debug|Any CPU.ActiveCfg = Debug|Any CPU
		{B99CCC2E-E759-41A0-A1CA-C0E0F73A5130}.Debug|Any CPU.Build.0 = Debug|Any CPU
		{B99CCC2E-E759-41A0-A1CA-C0E0F73A5130}.Release|Any CPU.ActiveCfg = Release|Any CPU
		{B99CCC2E-E759-41A0-A1CA-C0E0F73A5130}.Release|Any CPU.Build.0 = Release|Any CPU
		{03DFD1E6-0F9E-45AC-9FFD-9A8569FC90B8}.Debug|Any CPU.ActiveCfg = Debug|Any CPU
		{03DFD1E6-0F9E-45AC-9FFD-9A8569FC90B8}.Debug|Any CPU.Build.0 = Debug|Any CPU
		{03DFD1E6-0F9E-45AC-9FFD-9A8569FC90B8}.Release|Any CPU.ActiveCfg = Release|Any CPU
		{03DFD1E6-0F9E-45AC-9FFD-9A8569FC90B8}.Release|Any CPU.Build.0 = Release|Any CPU
	EndGlobalSection
	GlobalSection(SolutionProperties) = preSolution
		HideSolutionNode = FALSE
	EndGlobalSection
	GlobalSection(ExtensibilityGlobals) = postSolution
		SolutionGuid = {8709FF85-7507-4BE6-8186-4313FE424713}
	EndGlobalSection
EndGlobal
